
Microsoft Visual Studio Solution File, Format Version 12.00
# Visual Studio 14
VisualStudioVersion = 14.0.25420.1
MinimumVisualStudioVersion = 10.0.40219.1
Project("{FAE04EC0-301F-11D3-BF4B-00C04F79EFBC}") = "Services", "Services\Services.csproj", "{26401FD2-BAC1-4B81-BB14-BD6F5816BB34}"
EndProject
Project("{FAE04EC0-301F-11D3-BF4B-00C04F79EFBC}") = "Vstack.Extensions", "..\vstack-extensions\Vstack.Extensions.csproj", "{029ECBE3-6E0E-498E-80A7-BAD385891C91}"
EndProject
Project("{FAE04EC0-301F-11D3-BF4B-00C04F79EFBC}") = "Vstack.Services", "..\vstack-services\Vstack.Services.csproj", "{86D88AB5-BD70-43AF-8538-A3F9CD53E979}"
EndProject
Project("{FAE04EC0-301F-11D3-BF4B-00C04F79EFBC}") = "Vstack.Utilities", "..\vstack-utilities\Vstack.Utilities.csproj", "{A6182F30-7583-41A5-8971-D33E923E8C37}"
EndProject
Project("{FAE04EC0-301F-11D3-BF4B-00C04F79EFBC}") = "Application", "Application\Application.csproj", "{2C272556-A2AB-4B71-B23E-7508482F69AD}"
EndProject
Project("{FAE04EC0-301F-11D3-BF4B-00C04F79EFBC}") = "Services.EF", "EfServices\Services.EF.csproj", "{3221B6B2-6456-4E03-811D-E964FCC1985C}"
EndProject
Project("{FAE04EC0-301F-11D3-BF4B-00C04F79EFBC}") = "Domain", "Domain\Domain.csproj", "{D834A5AF-AE77-4A3E-888D-29175186EB82}"
EndProject
Project("{FAE04EC0-301F-11D3-BF4B-00C04F79EFBC}") = "Application.EF", "EfApplication\Application.EF.csproj", "{01D230A0-489C-40BC-BEF5-35170CD2067C}"
EndProject
Global
	GlobalSection(SolutionConfigurationPlatforms) = preSolution
		Debug|Any CPU = Debug|Any CPU
		Release|Any CPU = Release|Any CPU
	EndGlobalSection
	GlobalSection(ProjectConfigurationPlatforms) = postSolution
		{26401FD2-BAC1-4B81-BB14-BD6F5816BB34}.Debug|Any CPU.ActiveCfg = Debug|Any CPU
		{26401FD2-BAC1-4B81-BB14-BD6F5816BB34}.Debug|Any CPU.Build.0 = Debug|Any CPU
		{26401FD2-BAC1-4B81-BB14-BD6F5816BB34}.Release|Any CPU.ActiveCfg = Release|Any CPU
		{26401FD2-BAC1-4B81-BB14-BD6F5816BB34}.Release|Any CPU.Build.0 = Release|Any CPU
		{029ECBE3-6E0E-498E-80A7-BAD385891C91}.Debug|Any CPU.ActiveCfg = Debug|Any CPU
		{029ECBE3-6E0E-498E-80A7-BAD385891C91}.Debug|Any CPU.Build.0 = Debug|Any CPU
		{029ECBE3-6E0E-498E-80A7-BAD385891C91}.Release|Any CPU.ActiveCfg = Release|Any CPU
		{029ECBE3-6E0E-498E-80A7-BAD385891C91}.Release|Any CPU.Build.0 = Release|Any CPU
		{86D88AB5-BD70-43AF-8538-A3F9CD53E979}.Debug|Any CPU.ActiveCfg = Debug|Any CPU
		{86D88AB5-BD70-43AF-8538-A3F9CD53E979}.Debug|Any CPU.Build.0 = Debug|Any CPU
		{86D88AB5-BD70-43AF-8538-A3F9CD53E979}.Release|Any CPU.ActiveCfg = Release|Any CPU
		{86D88AB5-BD70-43AF-8538-A3F9CD53E979}.Release|Any CPU.Build.0 = Release|Any CPU
		{A6182F30-7583-41A5-8971-D33E923E8C37}.Debug|Any CPU.ActiveCfg = Debug|Any CPU
		{A6182F30-7583-41A5-8971-D33E923E8C37}.Debug|Any CPU.Build.0 = Debug|Any CPU
		{A6182F30-7583-41A5-8971-D33E923E8C37}.Release|Any CPU.ActiveCfg = Release|Any CPU
		{A6182F30-7583-41A5-8971-D33E923E8C37}.Release|Any CPU.Build.0 = Release|Any CPU
		{2C272556-A2AB-4B71-B23E-7508482F69AD}.Debug|Any CPU.ActiveCfg = Debug|Any CPU
		{2C272556-A2AB-4B71-B23E-7508482F69AD}.Debug|Any CPU.Build.0 = Debug|Any CPU
		{2C272556-A2AB-4B71-B23E-7508482F69AD}.Release|Any CPU.ActiveCfg = Release|Any CPU
		{2C272556-A2AB-4B71-B23E-7508482F69AD}.Release|Any CPU.Build.0 = Release|Any CPU
		{3221B6B2-6456-4E03-811D-E964FCC1985C}.Debug|Any CPU.ActiveCfg = Debug|Any CPU
		{3221B6B2-6456-4E03-811D-E964FCC1985C}.Debug|Any CPU.Build.0 = Debug|Any CPU
		{3221B6B2-6456-4E03-811D-E964FCC1985C}.Release|Any CPU.ActiveCfg = Release|Any CPU
		{3221B6B2-6456-4E03-811D-E964FCC1985C}.Release|Any CPU.Build.0 = Release|Any CPU
		{D834A5AF-AE77-4A3E-888D-29175186EB82}.Debug|Any CPU.ActiveCfg = Debug|Any CPU
		{D834A5AF-AE77-4A3E-888D-29175186EB82}.Debug|Any CPU.Build.0 = Debug|Any CPU
		{D834A5AF-AE77-4A3E-888D-29175186EB82}.Release|Any CPU.ActiveCfg = Release|Any CPU
		{D834A5AF-AE77-4A3E-888D-29175186EB82}.Release|Any CPU.Build.0 = Release|Any CPU
		{01D230A0-489C-40BC-BEF5-35170CD2067C}.Debug|Any CPU.ActiveCfg = Debug|Any CPU
		{01D230A0-489C-40BC-BEF5-35170CD2067C}.Debug|Any CPU.Build.0 = Debug|Any CPU
		{01D230A0-489C-40BC-BEF5-35170CD2067C}.Release|Any CPU.ActiveCfg = Release|Any CPU
		{01D230A0-489C-40BC-BEF5-35170CD2067C}.Release|Any CPU.Build.0 = Release|Any CPU
	EndGlobalSection
	GlobalSection(SolutionProperties) = preSolution
		HideSolutionNode = FALSE
	EndGlobalSection
EndGlobal
